
Microsoft Visual Studio Solution File, Format Version 12.00
# Visual Studio Version 17
VisualStudioVersion = 17.2.32526.322
MinimumVisualStudioVersion = 10.0.40219.1
Project("{FAE04EC0-301F-11D3-BF4B-00C04F79EFBC}") = "Task2", "Task2.csproj", "{FC17B3EE-7D0A-483C-8F71-998146B7FF15}"
EndProject
Global
	GlobalSection(SolutionConfigurationPlatforms) = preSolution
		Debug|Any CPU = Debug|Any CPU
		Release|Any CPU = Release|Any CPU
	EndGlobalSection
	GlobalSection(ProjectConfigurationPlatforms) = postSolution
		{FC17B3EE-7D0A-483C-8F71-998146B7FF15}.Debug|Any CPU.ActiveCfg = Debug|Any CPU
		{FC17B3EE-7D0A-483C-8F71-998146B7FF15}.Debug|Any CPU.Build.0 = Debug|Any CPU
		{FC17B3EE-7D0A-483C-8F71-998146B7FF15}.Release|Any CPU.ActiveCfg = Release|Any CPU
		{FC17B3EE-7D0A-483C-8F71-998146B7FF15}.Release|Any CPU.Build.0 = Release|Any CPU
	EndGlobalSection
	GlobalSection(SolutionProperties) = preSolution
		HideSolutionNode = FALSE
	EndGlobalSection
	GlobalSection(ExtensibilityGlobals) = postSolution
		SolutionGuid = {B60A1872-4367-47AD-A613-67736D647516}
	EndGlobalSection
EndGlobal
